
Microsoft Visual Studio Solution File, Format Version 12.00
# Visual Studio 15
VisualStudioVersion = 15.0.26124.0
MinimumVisualStudioVersion = 15.0.26124.0
Project("{FAE04EC0-301F-11D3-BF4B-00C04F79EFBC}") = "TestCommon", "..\TestCommon\TestCommon.csproj", "{116C435A-46FA-4EDB-8241-FE6DE9800041}"
EndProject
Project("{FAE04EC0-301F-11D3-BF4B-00C04F79EFBC}") = "A10", "A10\A10.csproj", "{4F67BE91-6325-41B3-A671-15A413D2EBC5}"
EndProject
Project("{FAE04EC0-301F-11D3-BF4B-00C04F79EFBC}") = "A10.Tests", "A10.Tests\A10.Tests.csproj", "{23458787-FB06-44A0-9073-687E2EF6B60A}"
EndProject
Global
	GlobalSection(SolutionConfigurationPlatforms) = preSolution
		Debug|Any CPU = Debug|Any CPU
		Debug|x64 = Debug|x64
		Debug|x86 = Debug|x86
		Release|Any CPU = Release|Any CPU
		Release|x64 = Release|x64
		Release|x86 = Release|x86
	EndGlobalSection
	GlobalSection(SolutionProperties) = preSolution
		HideSolutionNode = FALSE
	EndGlobalSection
	GlobalSection(ProjectConfigurationPlatforms) = postSolution
		{116C435A-46FA-4EDB-8241-FE6DE9800041}.Debug|Any CPU.ActiveCfg = Debug|Any CPU
		{116C435A-46FA-4EDB-8241-FE6DE9800041}.Debug|Any CPU.Build.0 = Debug|Any CPU
		{116C435A-46FA-4EDB-8241-FE6DE9800041}.Debug|x64.ActiveCfg = Debug|Any CPU
		{116C435A-46FA-4EDB-8241-FE6DE9800041}.Debug|x64.Build.0 = Debug|Any CPU
		{116C435A-46FA-4EDB-8241-FE6DE9800041}.Debug|x86.ActiveCfg = Debug|Any CPU
		{116C435A-46FA-4EDB-8241-FE6DE9800041}.Debug|x86.Build.0 = Debug|Any CPU
		{116C435A-46FA-4EDB-8241-FE6DE9800041}.Release|Any CPU.ActiveCfg = Release|Any CPU
		{116C435A-46FA-4EDB-8241-FE6DE9800041}.Release|Any CPU.Build.0 = Release|Any CPU
		{116C435A-46FA-4EDB-8241-FE6DE9800041}.Release|x64.ActiveCfg = Release|Any CPU
		{116C435A-46FA-4EDB-8241-FE6DE9800041}.Release|x64.Build.0 = Release|Any CPU
		{116C435A-46FA-4EDB-8241-FE6DE9800041}.Release|x86.ActiveCfg = Release|Any CPU
		{116C435A-46FA-4EDB-8241-FE6DE9800041}.Release|x86.Build.0 = Release|Any CPU
		{4F67BE91-6325-41B3-A671-15A413D2EBC5}.Debug|Any CPU.ActiveCfg = Debug|Any CPU
		{4F67BE91-6325-41B3-A671-15A413D2EBC5}.Debug|Any CPU.Build.0 = Debug|Any CPU
		{4F67BE91-6325-41B3-A671-15A413D2EBC5}.Debug|x64.ActiveCfg = Debug|Any CPU
		{4F67BE91-6325-41B3-A671-15A413D2EBC5}.Debug|x64.Build.0 = Debug|Any CPU
		{4F67BE91-6325-41B3-A671-15A413D2EBC5}.Debug|x86.ActiveCfg = Debug|Any CPU
		{4F67BE91-6325-41B3-A671-15A413D2EBC5}.Debug|x86.Build.0 = Debug|Any CPU
		{4F67BE91-6325-41B3-A671-15A413D2EBC5}.Release|Any CPU.ActiveCfg = Release|Any CPU
		{4F67BE91-6325-41B3-A671-15A413D2EBC5}.Release|Any CPU.Build.0 = Release|Any CPU
		{4F67BE91-6325-41B3-A671-15A413D2EBC5}.Release|x64.ActiveCfg = Release|Any CPU
		{4F67BE91-6325-41B3-A671-15A413D2EBC5}.Release|x64.Build.0 = Release|Any CPU
		{4F67BE91-6325-41B3-A671-15A413D2EBC5}.Release|x86.ActiveCfg = Release|Any CPU
		{4F67BE91-6325-41B3-A671-15A413D2EBC5}.Release|x86.Build.0 = Release|Any CPU
		{23458787-FB06-44A0-9073-687E2EF6B60A}.Debug|Any CPU.ActiveCfg = Debug|Any CPU
		{23458787-FB06-44A0-9073-687E2EF6B60A}.Debug|Any CPU.Build.0 = Debug|Any CPU
		{23458787-FB06-44A0-9073-687E2EF6B60A}.Debug|x64.ActiveCfg = Debug|Any CPU
		{23458787-FB06-44A0-9073-687E2EF6B60A}.Debug|x64.Build.0 = Debug|Any CPU
		{23458787-FB06-44A0-9073-687E2EF6B60A}.Debug|x86.ActiveCfg = Debug|Any CPU
		{23458787-FB06-44A0-9073-687E2EF6B60A}.Debug|x86.Build.0 = Debug|Any CPU
		{23458787-FB06-44A0-9073-687E2EF6B60A}.Release|Any CPU.ActiveCfg = Release|Any CPU
		{23458787-FB06-44A0-9073-687E2EF6B60A}.Release|Any CPU.Build.0 = Release|Any CPU
		{23458787-FB06-44A0-9073-687E2EF6B60A}.Release|x64.ActiveCfg = Release|Any CPU
		{23458787-FB06-44A0-9073-687E2EF6B60A}.Release|x64.Build.0 = Release|Any CPU
		{23458787-FB06-44A0-9073-687E2EF6B60A}.Release|x86.ActiveCfg = Release|Any CPU
		{23458787-FB06-44A0-9073-687E2EF6B60A}.Release|x86.Build.0 = Release|Any CPU
	EndGlobalSection
EndGlobal
