
Microsoft Visual Studio Solution File, Format Version 12.00
# Visual Studio 15
VisualStudioVersion = 15.0.26124.0
MinimumVisualStudioVersion = 15.0.26124.0
Project("{FAE04EC0-301F-11D3-BF4B-00C04F79EFBC}") = "TestCommon", "..\TestCommon\TestCommon.csproj", "{9E570DC5-D192-4D00-891D-3929256C4B4B}"
EndProject
Project("{FAE04EC0-301F-11D3-BF4B-00C04F79EFBC}") = "A12", "A12\A12.csproj", "{B971BC87-0F50-4473-AAB7-D1B5425E268D}"
EndProject
Project("{FAE04EC0-301F-11D3-BF4B-00C04F79EFBC}") = "A12.Tests", "A12.Tests\A12.Tests.csproj", "{3B1B735D-596D-47CA-86CF-926B6C283492}"
EndProject
Global
	GlobalSection(SolutionConfigurationPlatforms) = preSolution
		Debug|Any CPU = Debug|Any CPU
		Debug|x64 = Debug|x64
		Debug|x86 = Debug|x86
		Release|Any CPU = Release|Any CPU
		Release|x64 = Release|x64
		Release|x86 = Release|x86
	EndGlobalSection
	GlobalSection(SolutionProperties) = preSolution
		HideSolutionNode = FALSE
	EndGlobalSection
	GlobalSection(ProjectConfigurationPlatforms) = postSolution
		{9E570DC5-D192-4D00-891D-3929256C4B4B}.Debug|Any CPU.ActiveCfg = Debug|Any CPU
		{9E570DC5-D192-4D00-891D-3929256C4B4B}.Debug|Any CPU.Build.0 = Debug|Any CPU
		{9E570DC5-D192-4D00-891D-3929256C4B4B}.Debug|x64.ActiveCfg = Debug|Any CPU
		{9E570DC5-D192-4D00-891D-3929256C4B4B}.Debug|x64.Build.0 = Debug|Any CPU
		{9E570DC5-D192-4D00-891D-3929256C4B4B}.Debug|x86.ActiveCfg = Debug|Any CPU
		{9E570DC5-D192-4D00-891D-3929256C4B4B}.Debug|x86.Build.0 = Debug|Any CPU
		{9E570DC5-D192-4D00-891D-3929256C4B4B}.Release|Any CPU.ActiveCfg = Release|Any CPU
		{9E570DC5-D192-4D00-891D-3929256C4B4B}.Release|Any CPU.Build.0 = Release|Any CPU
		{9E570DC5-D192-4D00-891D-3929256C4B4B}.Release|x64.ActiveCfg = Release|Any CPU
		{9E570DC5-D192-4D00-891D-3929256C4B4B}.Release|x64.Build.0 = Release|Any CPU
		{9E570DC5-D192-4D00-891D-3929256C4B4B}.Release|x86.ActiveCfg = Release|Any CPU
		{9E570DC5-D192-4D00-891D-3929256C4B4B}.Release|x86.Build.0 = Release|Any CPU
		{B971BC87-0F50-4473-AAB7-D1B5425E268D}.Debug|Any CPU.ActiveCfg = Debug|Any CPU
		{B971BC87-0F50-4473-AAB7-D1B5425E268D}.Debug|Any CPU.Build.0 = Debug|Any CPU
		{B971BC87-0F50-4473-AAB7-D1B5425E268D}.Debug|x64.ActiveCfg = Debug|Any CPU
		{B971BC87-0F50-4473-AAB7-D1B5425E268D}.Debug|x64.Build.0 = Debug|Any CPU
		{B971BC87-0F50-4473-AAB7-D1B5425E268D}.Debug|x86.ActiveCfg = Debug|Any CPU
		{B971BC87-0F50-4473-AAB7-D1B5425E268D}.Debug|x86.Build.0 = Debug|Any CPU
		{B971BC87-0F50-4473-AAB7-D1B5425E268D}.Release|Any CPU.ActiveCfg = Release|Any CPU
		{B971BC87-0F50-4473-AAB7-D1B5425E268D}.Release|Any CPU.Build.0 = Release|Any CPU
		{B971BC87-0F50-4473-AAB7-D1B5425E268D}.Release|x64.ActiveCfg = Release|Any CPU
		{B971BC87-0F50-4473-AAB7-D1B5425E268D}.Release|x64.Build.0 = Release|Any CPU
		{B971BC87-0F50-4473-AAB7-D1B5425E268D}.Release|x86.ActiveCfg = Release|Any CPU
		{B971BC87-0F50-4473-AAB7-D1B5425E268D}.Release|x86.Build.0 = Release|Any CPU
		{3B1B735D-596D-47CA-86CF-926B6C283492}.Debug|Any CPU.ActiveCfg = Debug|Any CPU
		{3B1B735D-596D-47CA-86CF-926B6C283492}.Debug|Any CPU.Build.0 = Debug|Any CPU
		{3B1B735D-596D-47CA-86CF-926B6C283492}.Debug|x64.ActiveCfg = Debug|Any CPU
		{3B1B735D-596D-47CA-86CF-926B6C283492}.Debug|x64.Build.0 = Debug|Any CPU
		{3B1B735D-596D-47CA-86CF-926B6C283492}.Debug|x86.ActiveCfg = Debug|Any CPU
		{3B1B735D-596D-47CA-86CF-926B6C283492}.Debug|x86.Build.0 = Debug|Any CPU
		{3B1B735D-596D-47CA-86CF-926B6C283492}.Release|Any CPU.ActiveCfg = Release|Any CPU
		{3B1B735D-596D-47CA-86CF-926B6C283492}.Release|Any CPU.Build.0 = Release|Any CPU
		{3B1B735D-596D-47CA-86CF-926B6C283492}.Release|x64.ActiveCfg = Release|Any CPU
		{3B1B735D-596D-47CA-86CF-926B6C283492}.Release|x64.Build.0 = Release|Any CPU
		{3B1B735D-596D-47CA-86CF-926B6C283492}.Release|x86.ActiveCfg = Release|Any CPU
		{3B1B735D-596D-47CA-86CF-926B6C283492}.Release|x86.Build.0 = Release|Any CPU
	EndGlobalSection
EndGlobal
